
Microsoft Visual Studio Solution File, Format Version 12.00
# Visual Studio Version 16
VisualStudioVersion = 16.0.29519.181
MinimumVisualStudioVersion = 10.0.40219.1
Project("{2150E333-8FDC-42A3-9474-1A3956D46DE8}") = "Config", "Config", "{6BDAE5C1-D308-42EF-8B1C-60964D58A384}"
ProjectSection(SolutionItems) = preProject
	CodeAnalysis.ruleset = CodeAnalysis.ruleset
	global.json = global.json
	..\CHANGELOG.md = ..\CHANGELOG.md
	..\README.md = ..\README.md
	..\.github\workflows\build-and-publish-pre-release.yml = ..\.github\workflows\build-and-publish-pre-release.yml
	..\.github\workflows\build-and-publish-release.yml = ..\.github\workflows\build-and-publish-release.yml
EndProjectSection
EndProject
Project("{FAE04EC0-301F-11D3-BF4B-00C04F79EFBC}") = "Credfeto.Enumeration.Source.Generation", "Credfeto.Enumeration.Source.Generation\Credfeto.Enumeration.Source.Generation.csproj", "{1C26D824-FFBD-4F64-A7DF-593BAD653219}"
EndProject
Project("{FAE04EC0-301F-11D3-BF4B-00C04F79EFBC}") = "Credfeto.Enumeration.Source.Generation.Models", "Credfeto.Enumeration.Source.Generation.Models\Credfeto.Enumeration.Source.Generation.Models.csproj", "{50B8C49E-150D-4AC0-BE1A-D81B7FD04A0E}"
EndProject
Project("{FAE04EC0-301F-11D3-BF4B-00C04F79EFBC}") = "Credfeto.Enumeration.Source.Generation.Tests", "Credfeto.Enumeration.Source.Generation.Tests\Credfeto.Enumeration.Source.Generation.Tests.csproj", "{74ADCE80-BD1F-46B4-B90D-C9EED0C43414}"
EndProject
Project("{FAE04EC0-301F-11D3-BF4B-00C04F79EFBC}") = "Credfeto.Enumeration.Source.Generation.Benchmarks", "Credfeto.Enumeration.Source.Generation.Benchmarks\Credfeto.Enumeration.Source.Generation.Benchmarks.csproj", "{C1EFBEFD-6734-43A8-A26F-0D6C7B1A92DB}"
EndProject
Project("{FAE04EC0-301F-11D3-BF4B-00C04F79EFBC}") = "Credfeto.Enumeration.Source.Generation.Generics", "Credfeto.Enumeration.Source.Generation.Generics\Credfeto.Enumeration.Source.Generation.Generics.csproj", "{3AB18FC1-8DFC-4F23-9934-F2674C9BBB24}"
EndProject
Project("{FAE04EC0-301F-11D3-BF4B-00C04F79EFBC}") = "Credfeto.Enumeration.Source.Generation.Attributes", "Credfeto.Enumeration.Source.Generation.Attributes\Credfeto.Enumeration.Source.Generation.Attributes.csproj", "{E7D245CE-8484-40AA-BDF7-D13EB26B9BDB}"
EndProject
Global
	GlobalSection(ProjectConfigurationPlatforms) = postSolution
		{1C26D824-FFBD-4F64-A7DF-593BAD653219}.Debug|Any CPU.ActiveCfg = Debug|Any CPU
		{1C26D824-FFBD-4F64-A7DF-593BAD653219}.Debug|Any CPU.Build.0 = Debug|Any CPU
		{1C26D824-FFBD-4F64-A7DF-593BAD653219}.Release|Any CPU.ActiveCfg = Release|Any CPU
		{1C26D824-FFBD-4F64-A7DF-593BAD653219}.Release|Any CPU.Build.0 = Release|Any CPU
		{50B8C49E-150D-4AC0-BE1A-D81B7FD04A0E}.Debug|Any CPU.ActiveCfg = Debug|Any CPU
		{50B8C49E-150D-4AC0-BE1A-D81B7FD04A0E}.Debug|Any CPU.Build.0 = Debug|Any CPU
		{50B8C49E-150D-4AC0-BE1A-D81B7FD04A0E}.Release|Any CPU.ActiveCfg = Release|Any CPU
		{50B8C49E-150D-4AC0-BE1A-D81B7FD04A0E}.Release|Any CPU.Build.0 = Release|Any CPU
		{74ADCE80-BD1F-46B4-B90D-C9EED0C43414}.Debug|Any CPU.ActiveCfg = Debug|Any CPU
		{74ADCE80-BD1F-46B4-B90D-C9EED0C43414}.Release|Any CPU.ActiveCfg = Release|Any CPU
		{C1EFBEFD-6734-43A8-A26F-0D6C7B1A92DB}.Debug|Any CPU.ActiveCfg = Debug|Any CPU
		{C1EFBEFD-6734-43A8-A26F-0D6C7B1A92DB}.Debug|Any CPU.Build.0 = Debug|Any CPU
		{C1EFBEFD-6734-43A8-A26F-0D6C7B1A92DB}.Release|Any CPU.ActiveCfg = Release|Any CPU
		{C1EFBEFD-6734-43A8-A26F-0D6C7B1A92DB}.Release|Any CPU.Build.0 = Release|Any CPU
		{3AB18FC1-8DFC-4F23-9934-F2674C9BBB24}.Debug|Any CPU.ActiveCfg = Debug|Any CPU
		{3AB18FC1-8DFC-4F23-9934-F2674C9BBB24}.Debug|Any CPU.Build.0 = Debug|Any CPU
		{3AB18FC1-8DFC-4F23-9934-F2674C9BBB24}.Release|Any CPU.ActiveCfg = Release|Any CPU
		{3AB18FC1-8DFC-4F23-9934-F2674C9BBB24}.Release|Any CPU.Build.0 = Release|Any CPU
		{E7D245CE-8484-40AA-BDF7-D13EB26B9BDB}.Debug|Any CPU.ActiveCfg = Debug|Any CPU
		{E7D245CE-8484-40AA-BDF7-D13EB26B9BDB}.Debug|Any CPU.Build.0 = Debug|Any CPU
		{E7D245CE-8484-40AA-BDF7-D13EB26B9BDB}.Release|Any CPU.ActiveCfg = Release|Any CPU
		{E7D245CE-8484-40AA-BDF7-D13EB26B9BDB}.Release|Any CPU.Build.0 = Release|Any CPU
	EndGlobalSection
	GlobalSection(SolutionConfigurationPlatforms) = preSolution
		Debug|Any CPU = Debug|Any CPU
		Release|Any CPU = Release|Any CPU
	EndGlobalSection
EndGlobal
